// !$*UTF8*$!
{
	archiveVersion = 1;
	classes = {
	};
	objectVersion = 55;
	objects = {

/* Begin PBXBuildFile section */
		785FC68A28D82746007F8F03 /* CollectionViewController.swift in Sources */ = {isa = PBXBuildFile; fileRef = 785FC68928D82746007F8F03 /* CollectionViewController.swift */; };
		785FC68C28D82F26007F8F03 /* CollectionViewCell.swift in Sources */ = {isa = PBXBuildFile; fileRef = 785FC68B28D82F26007F8F03 /* CollectionViewCell.swift */; };
		78B2B82728C835FB00293F01 /* AppDelegate.swift in Sources */ = {isa = PBXBuildFile; fileRef = 78B2B82628C835FB00293F01 /* AppDelegate.swift */; };
		78B2B82928C835FB00293F01 /* SceneDelegate.swift in Sources */ = {isa = PBXBuildFile; fileRef = 78B2B82828C835FB00293F01 /* SceneDelegate.swift */; };
		78B2B82B28C835FB00293F01 /* ViewController.swift in Sources */ = {isa = PBXBuildFile; fileRef = 78B2B82A28C835FB00293F01 /* ViewController.swift */; };
		78B2B82E28C835FB00293F01 /* Main.storyboard in Resources */ = {isa = PBXBuildFile; fileRef = 78B2B82C28C835FB00293F01 /* Main.storyboard */; };
		78B2B83028C835FB00293F01 /* Assets.xcassets in Resources */ = {isa = PBXBuildFile; fileRef = 78B2B82F28C835FB00293F01 /* Assets.xcassets */; };
		78B2B83328C835FB00293F01 /* LaunchScreen.storyboard in Resources */ = {isa = PBXBuildFile; fileRef = 78B2B83128C835FB00293F01 /* LaunchScreen.storyboard */; };
		78B2B83E28C835FB00293F01 /* SinkOrSwimTests.swift in Sources */ = {isa = PBXBuildFile; fileRef = 78B2B83D28C835FB00293F01 /* SinkOrSwimTests.swift */; };
		78B2B84828C835FB00293F01 /* SinkOrSwimUITests.swift in Sources */ = {isa = PBXBuildFile; fileRef = 78B2B84728C835FB00293F01 /* SinkOrSwimUITests.swift */; };
		78B2B84A28C835FB00293F01 /* SinkOrSwimUITestsLaunchTests.swift in Sources */ = {isa = PBXBuildFile; fileRef = 78B2B84928C835FB00293F01 /* SinkOrSwimUITestsLaunchTests.swift */; };
		78B2B85928CE55B700293F01 /* ImageModel.m in Sources */ = {isa = PBXBuildFile; fileRef = 78B2B85828CE55B700293F01 /* ImageModel.m */; };
		78B2B85B28CE867B00293F01 /* TableViewController.swift in Sources */ = {isa = PBXBuildFile; fileRef = 78B2B85A28CE867B00293F01 /* TableViewController.swift */; };
		78B2B85D28CE98DA00293F01 /* TableViewCell.swift in Sources */ = {isa = PBXBuildFile; fileRef = 78B2B85C28CE98DA00293F01 /* TableViewCell.swift */; };
		78B2B86028D1857F00293F01 /* AnswerKeyModel.m in Sources */ = {isa = PBXBuildFile; fileRef = 78B2B85F28D1857F00293F01 /* AnswerKeyModel.m */; };
		C561B76E28D3D692004C520D /* ResultsHistoryViewController.swift in Sources */ = {isa = PBXBuildFile; fileRef = C561B76D28D3D692004C520D /* ResultsHistoryViewController.swift */; };
		C561B77028D3E2B4004C520D /* ModalGuessResult.swift in Sources */ = {isa = PBXBuildFile; fileRef = C561B76F28D3E2B4004C520D /* ModalGuessResult.swift */; };
		C561B77228D62DFE004C520D /* LaunchQuizViewController.swift in Sources */ = {isa = PBXBuildFile; fileRef = C561B77128D62DFE004C520D /* LaunchQuizViewController.swift */; };
		C561B77428D62E18004C520D /* QuizResultsViewController.swift in Sources */ = {isa = PBXBuildFile; fileRef = C561B77328D62E18004C520D /* QuizResultsViewController.swift */; };
		C561B77628D66B98004C520D /* QuizSettingsModel.m in Sources */ = {isa = PBXBuildFile; fileRef = C561B77528D66B98004C520D /* QuizSettingsModel.m */; };
/* End PBXBuildFile section */

/* Begin PBXContainerItemProxy section */
		78B2B83A28C835FB00293F01 /* PBXContainerItemProxy */ = {
			isa = PBXContainerItemProxy;
			containerPortal = 78B2B81B28C835FB00293F01 /* Project object */;
			proxyType = 1;
			remoteGlobalIDString = 78B2B82228C835FB00293F01;
			remoteInfo = SinkOrSwim;
		};
		78B2B84428C835FB00293F01 /* PBXContainerItemProxy */ = {
			isa = PBXContainerItemProxy;
			containerPortal = 78B2B81B28C835FB00293F01 /* Project object */;
			proxyType = 1;
			remoteGlobalIDString = 78B2B82228C835FB00293F01;
			remoteInfo = SinkOrSwim;
		};
/* End PBXContainerItemProxy section */

/* Begin PBXFileReference section */
		785FC68928D82746007F8F03 /* CollectionViewController.swift */ = {isa = PBXFileReference; lastKnownFileType = sourcecode.swift; path = CollectionViewController.swift; sourceTree = "<group>"; };
		785FC68B28D82F26007F8F03 /* CollectionViewCell.swift */ = {isa = PBXFileReference; lastKnownFileType = sourcecode.swift; path = CollectionViewCell.swift; sourceTree = "<group>"; };
		78B2B82328C835FB00293F01 /* SinkOrSwim.app */ = {isa = PBXFileReference; explicitFileType = wrapper.application; includeInIndex = 0; path = SinkOrSwim.app; sourceTree = BUILT_PRODUCTS_DIR; };
		78B2B82628C835FB00293F01 /* AppDelegate.swift */ = {isa = PBXFileReference; lastKnownFileType = sourcecode.swift; path = AppDelegate.swift; sourceTree = "<group>"; };
		78B2B82828C835FB00293F01 /* SceneDelegate.swift */ = {isa = PBXFileReference; lastKnownFileType = sourcecode.swift; path = SceneDelegate.swift; sourceTree = "<group>"; };
		78B2B82A28C835FB00293F01 /* ViewController.swift */ = {isa = PBXFileReference; lastKnownFileType = sourcecode.swift; path = ViewController.swift; sourceTree = "<group>"; };
		78B2B82D28C835FB00293F01 /* Base */ = {isa = PBXFileReference; lastKnownFileType = file.storyboard; name = Base; path = Base.lproj/Main.storyboard; sourceTree = "<group>"; };
		78B2B82F28C835FB00293F01 /* Assets.xcassets */ = {isa = PBXFileReference; lastKnownFileType = folder.assetcatalog; path = Assets.xcassets; sourceTree = "<group>"; };
		78B2B83228C835FB00293F01 /* Base */ = {isa = PBXFileReference; lastKnownFileType = file.storyboard; name = Base; path = Base.lproj/LaunchScreen.storyboard; sourceTree = "<group>"; };
		78B2B83428C835FB00293F01 /* Info.plist */ = {isa = PBXFileReference; lastKnownFileType = text.plist.xml; path = Info.plist; sourceTree = "<group>"; };
		78B2B83928C835FB00293F01 /* SinkOrSwimTests.xctest */ = {isa = PBXFileReference; explicitFileType = wrapper.cfbundle; includeInIndex = 0; path = SinkOrSwimTests.xctest; sourceTree = BUILT_PRODUCTS_DIR; };
		78B2B83D28C835FB00293F01 /* SinkOrSwimTests.swift */ = {isa = PBXFileReference; lastKnownFileType = sourcecode.swift; path = SinkOrSwimTests.swift; sourceTree = "<group>"; };
		78B2B84328C835FB00293F01 /* SinkOrSwimUITests.xctest */ = {isa = PBXFileReference; explicitFileType = wrapper.cfbundle; includeInIndex = 0; path = SinkOrSwimUITests.xctest; sourceTree = BUILT_PRODUCTS_DIR; };
		78B2B84728C835FB00293F01 /* SinkOrSwimUITests.swift */ = {isa = PBXFileReference; lastKnownFileType = sourcecode.swift; path = SinkOrSwimUITests.swift; sourceTree = "<group>"; };
		78B2B84928C835FB00293F01 /* SinkOrSwimUITestsLaunchTests.swift */ = {isa = PBXFileReference; lastKnownFileType = sourcecode.swift; path = SinkOrSwimUITestsLaunchTests.swift; sourceTree = "<group>"; };
		78B2B85628CE55B700293F01 /* SinkOrSwim-Bridging-Header.h */ = {isa = PBXFileReference; lastKnownFileType = sourcecode.c.h; path = "SinkOrSwim-Bridging-Header.h"; sourceTree = "<group>"; };
		78B2B85728CE55B700293F01 /* ImageModel.h */ = {isa = PBXFileReference; lastKnownFileType = sourcecode.c.h; path = ImageModel.h; sourceTree = "<group>"; };
		78B2B85828CE55B700293F01 /* ImageModel.m */ = {isa = PBXFileReference; lastKnownFileType = sourcecode.c.objc; path = ImageModel.m; sourceTree = "<group>"; };
		78B2B85A28CE867B00293F01 /* TableViewController.swift */ = {isa = PBXFileReference; lastKnownFileType = sourcecode.swift; path = TableViewController.swift; sourceTree = "<group>"; };
		78B2B85C28CE98DA00293F01 /* TableViewCell.swift */ = {isa = PBXFileReference; lastKnownFileType = sourcecode.swift; path = TableViewCell.swift; sourceTree = "<group>"; };
		78B2B85E28D1857F00293F01 /* AnswerKeyModel.h */ = {isa = PBXFileReference; lastKnownFileType = sourcecode.c.h; path = AnswerKeyModel.h; sourceTree = "<group>"; };
		78B2B85F28D1857F00293F01 /* AnswerKeyModel.m */ = {isa = PBXFileReference; lastKnownFileType = sourcecode.c.objc; path = AnswerKeyModel.m; sourceTree = "<group>"; };
		C561B76D28D3D692004C520D /* ResultsHistoryViewController.swift */ = {isa = PBXFileReference; lastKnownFileType = sourcecode.swift; path = ResultsHistoryViewController.swift; sourceTree = "<group>"; };
		C561B76F28D3E2B4004C520D /* ModalGuessResult.swift */ = {isa = PBXFileReference; lastKnownFileType = sourcecode.swift; path = ModalGuessResult.swift; sourceTree = "<group>"; };
		C561B77128D62DFE004C520D /* LaunchQuizViewController.swift */ = {isa = PBXFileReference; lastKnownFileType = sourcecode.swift; path = LaunchQuizViewController.swift; sourceTree = "<group>"; };
		C561B77328D62E18004C520D /* QuizResultsViewController.swift */ = {isa = PBXFileReference; lastKnownFileType = sourcecode.swift; path = QuizResultsViewController.swift; sourceTree = "<group>"; };
		C561B77528D66B98004C520D /* QuizSettingsModel.m */ = {isa = PBXFileReference; lastKnownFileType = sourcecode.c.objc; path = QuizSettingsModel.m; sourceTree = "<group>"; };
		C561B77728D66BB0004C520D /* QuizSettingsModel.h */ = {isa = PBXFileReference; lastKnownFileType = sourcecode.c.h; path = QuizSettingsModel.h; sourceTree = "<group>"; };
/* End PBXFileReference section */

/* Begin PBXFrameworksBuildPhase section */
		78B2B82028C835FB00293F01 /* Frameworks */ = {
			isa = PBXFrameworksBuildPhase;
			buildActionMask = 2147483647;
			files = (
			);
			runOnlyForDeploymentPostprocessing = 0;
		};
		78B2B83628C835FB00293F01 /* Frameworks */ = {
			isa = PBXFrameworksBuildPhase;
			buildActionMask = 2147483647;
			files = (
			);
			runOnlyForDeploymentPostprocessing = 0;
		};
		78B2B84028C835FB00293F01 /* Frameworks */ = {
			isa = PBXFrameworksBuildPhase;
			buildActionMask = 2147483647;
			files = (
			);
			runOnlyForDeploymentPostprocessing = 0;
		};
/* End PBXFrameworksBuildPhase section */

/* Begin PBXGroup section */
		78B2B81A28C835FB00293F01 = {
			isa = PBXGroup;
			children = (
				78B2B82528C835FB00293F01 /* SinkOrSwim */,
				78B2B83C28C835FB00293F01 /* SinkOrSwimTests */,
				78B2B84628C835FB00293F01 /* SinkOrSwimUITests */,
				78B2B82428C835FB00293F01 /* Products */,
			);
			sourceTree = "<group>";
		};
		78B2B82428C835FB00293F01 /* Products */ = {
			isa = PBXGroup;
			children = (
				78B2B82328C835FB00293F01 /* SinkOrSwim.app */,
				78B2B83928C835FB00293F01 /* SinkOrSwimTests.xctest */,
				78B2B84328C835FB00293F01 /* SinkOrSwimUITests.xctest */,
			);
			name = Products;
			sourceTree = "<group>";
		};
		78B2B82528C835FB00293F01 /* SinkOrSwim */ = {
			isa = PBXGroup;
			children = (
				78B2B82628C835FB00293F01 /* AppDelegate.swift */,
				78B2B85728CE55B700293F01 /* ImageModel.h */,
				78B2B85828CE55B700293F01 /* ImageModel.m */,
				78B2B82828C835FB00293F01 /* SceneDelegate.swift */,
				78B2B82A28C835FB00293F01 /* ViewController.swift */,
				78B2B85E28D1857F00293F01 /* AnswerKeyModel.h */,
				78B2B85F28D1857F00293F01 /* AnswerKeyModel.m */,
				C561B77528D66B98004C520D /* QuizSettingsModel.m */,
				C561B77728D66BB0004C520D /* QuizSettingsModel.h */,
				78B2B82C28C835FB00293F01 /* Main.storyboard */,
				785FC68B28D82F26007F8F03 /* CollectionViewCell.swift */,
				C561B77328D62E18004C520D /* QuizResultsViewController.swift */,
				C561B77128D62DFE004C520D /* LaunchQuizViewController.swift */,
				C561B76F28D3E2B4004C520D /* ModalGuessResult.swift */,
				C561B76D28D3D692004C520D /* ResultsHistoryViewController.swift */,
				78B2B85A28CE867B00293F01 /* TableViewController.swift */,
				78B2B85C28CE98DA00293F01 /* TableViewCell.swift */,
				78B2B82F28C835FB00293F01 /* Assets.xcassets */,
				78B2B83128C835FB00293F01 /* LaunchScreen.storyboard */,
				78B2B83428C835FB00293F01 /* Info.plist */,
				78B2B85628CE55B700293F01 /* SinkOrSwim-Bridging-Header.h */,
				785FC68928D82746007F8F03 /* CollectionViewController.swift */,
			);
			path = SinkOrSwim;
			sourceTree = "<group>";
		};
		78B2B83C28C835FB00293F01 /* SinkOrSwimTests */ = {
			isa = PBXGroup;
			children = (
				78B2B83D28C835FB00293F01 /* SinkOrSwimTests.swift */,
			);
			path = SinkOrSwimTests;
			sourceTree = "<group>";
		};
		78B2B84628C835FB00293F01 /* SinkOrSwimUITests */ = {
			isa = PBXGroup;
			children = (
				78B2B84728C835FB00293F01 /* SinkOrSwimUITests.swift */,
				78B2B84928C835FB00293F01 /* SinkOrSwimUITestsLaunchTests.swift */,
			);
			path = SinkOrSwimUITests;
			sourceTree = "<group>";
		};
/* End PBXGroup section */

/* Begin PBXNativeTarget section */
		78B2B82228C835FB00293F01 /* SinkOrSwim */ = {
			isa = PBXNativeTarget;
			buildConfigurationList = 78B2B84D28C835FB00293F01 /* Build configuration list for PBXNativeTarget "SinkOrSwim" */;
			buildPhases = (
				78B2B81F28C835FB00293F01 /* Sources */,
				78B2B82028C835FB00293F01 /* Frameworks */,
				78B2B82128C835FB00293F01 /* Resources */,
			);
			buildRules = (
			);
			dependencies = (
			);
			name = SinkOrSwim;
			productName = SinkOrSwim;
			productReference = 78B2B82328C835FB00293F01 /* SinkOrSwim.app */;
			productType = "com.apple.product-type.application";
		};
		78B2B83828C835FB00293F01 /* SinkOrSwimTests */ = {
			isa = PBXNativeTarget;
			buildConfigurationList = 78B2B85028C835FB00293F01 /* Build configuration list for PBXNativeTarget "SinkOrSwimTests" */;
			buildPhases = (
				78B2B83528C835FB00293F01 /* Sources */,
				78B2B83628C835FB00293F01 /* Frameworks */,
				78B2B83728C835FB00293F01 /* Resources */,
			);
			buildRules = (
			);
			dependencies = (
				78B2B83B28C835FB00293F01 /* PBXTargetDependency */,
			);
			name = SinkOrSwimTests;
			productName = SinkOrSwimTests;
			productReference = 78B2B83928C835FB00293F01 /* SinkOrSwimTests.xctest */;
			productType = "com.apple.product-type.bundle.unit-test";
		};
		78B2B84228C835FB00293F01 /* SinkOrSwimUITests */ = {
			isa = PBXNativeTarget;
			buildConfigurationList = 78B2B85328C835FB00293F01 /* Build configuration list for PBXNativeTarget "SinkOrSwimUITests" */;
			buildPhases = (
				78B2B83F28C835FB00293F01 /* Sources */,
				78B2B84028C835FB00293F01 /* Frameworks */,
				78B2B84128C835FB00293F01 /* Resources */,
			);
			buildRules = (
			);
			dependencies = (
				78B2B84528C835FB00293F01 /* PBXTargetDependency */,
			);
			name = SinkOrSwimUITests;
			productName = SinkOrSwimUITests;
			productReference = 78B2B84328C835FB00293F01 /* SinkOrSwimUITests.xctest */;
			productType = "com.apple.product-type.bundle.ui-testing";
		};
/* End PBXNativeTarget section */

/* Begin PBXProject section */
		78B2B81B28C835FB00293F01 /* Project object */ = {
			isa = PBXProject;
			attributes = {
				BuildIndependentTargetsInParallel = 1;
				LastSwiftUpdateCheck = 1340;
				LastUpgradeCheck = 1340;
				TargetAttributes = {
					78B2B82228C835FB00293F01 = {
						CreatedOnToolsVersion = 13.4.1;
						LastSwiftMigration = 1340;
					};
					78B2B83828C835FB00293F01 = {
						CreatedOnToolsVersion = 13.4.1;
						TestTargetID = 78B2B82228C835FB00293F01;
					};
					78B2B84228C835FB00293F01 = {
						CreatedOnToolsVersion = 13.4.1;
						TestTargetID = 78B2B82228C835FB00293F01;
					};
				};
			};
			buildConfigurationList = 78B2B81E28C835FB00293F01 /* Build configuration list for PBXProject "SinkOrSwim" */;
			compatibilityVersion = "Xcode 13.0";
			developmentRegion = en;
			hasScannedForEncodings = 0;
			knownRegions = (
				en,
				Base,
			);
			mainGroup = 78B2B81A28C835FB00293F01;
			productRefGroup = 78B2B82428C835FB00293F01 /* Products */;
			projectDirPath = "";
			projectRoot = "";
			targets = (
				78B2B82228C835FB00293F01 /* SinkOrSwim */,
				78B2B83828C835FB00293F01 /* SinkOrSwimTests */,
				78B2B84228C835FB00293F01 /* SinkOrSwimUITests */,
			);
		};
/* End PBXProject section */

/* Begin PBXResourcesBuildPhase section */
		78B2B82128C835FB00293F01 /* Resources */ = {
			isa = PBXResourcesBuildPhase;
			buildActionMask = 2147483647;
			files = (
				78B2B83328C835FB00293F01 /* LaunchScreen.storyboard in Resources */,
				78B2B83028C835FB00293F01 /* Assets.xcassets in Resources */,
				78B2B82E28C835FB00293F01 /* Main.storyboard in Resources */,
			);
			runOnlyForDeploymentPostprocessing = 0;
		};
		78B2B83728C835FB00293F01 /* Resources */ = {
			isa = PBXResourcesBuildPhase;
			buildActionMask = 2147483647;
			files = (
			);
			runOnlyForDeploymentPostprocessing = 0;
		};
		78B2B84128C835FB00293F01 /* Resources */ = {
			isa = PBXResourcesBuildPhase;
			buildActionMask = 2147483647;
			files = (
			);
			runOnlyForDeploymentPostprocessing = 0;
		};
/* End PBXResourcesBuildPhase section */

/* Begin PBXSourcesBuildPhase section */
		78B2B81F28C835FB00293F01 /* Sources */ = {
			isa = PBXSourcesBuildPhase;
			buildActionMask = 2147483647;
			files = (
				785FC68A28D82746007F8F03 /* CollectionViewController.swift in Sources */,
				C561B76E28D3D692004C520D /* ResultsHistoryViewController.swift in Sources */,
				C561B77028D3E2B4004C520D /* ModalGuessResult.swift in Sources */,
				C561B77228D62DFE004C520D /* LaunchQuizViewController.swift in Sources */,
				78B2B82B28C835FB00293F01 /* ViewController.swift in Sources */,
				78B2B82728C835FB00293F01 /* AppDelegate.swift in Sources */,
				C561B77628D66B98004C520D /* QuizSettingsModel.m in Sources */,
				78B2B82928C835FB00293F01 /* SceneDelegate.swift in Sources */,
				78B2B85D28CE98DA00293F01 /* TableViewCell.swift in Sources */,
				78B2B85B28CE867B00293F01 /* TableViewController.swift in Sources */,
				785FC68C28D82F26007F8F03 /* CollectionViewCell.swift in Sources */,
				78B2B85928CE55B700293F01 /* ImageModel.m in Sources */,
				78B2B86028D1857F00293F01 /* AnswerKeyModel.m in Sources */,
				C561B77428D62E18004C520D /* QuizResultsViewController.swift in Sources */,
			);
			runOnlyForDeploymentPostprocessing = 0;
		};
		78B2B83528C835FB00293F01 /* Sources */ = {
			isa = PBXSourcesBuildPhase;
			buildActionMask = 2147483647;
			files = (
				78B2B83E28C835FB00293F01 /* SinkOrSwimTests.swift in Sources */,
			);
			runOnlyForDeploymentPostprocessing = 0;
		};
		78B2B83F28C835FB00293F01 /* Sources */ = {
			isa = PBXSourcesBuildPhase;
			buildActionMask = 2147483647;
			files = (
				78B2B84A28C835FB00293F01 /* SinkOrSwimUITestsLaunchTests.swift in Sources */,
				78B2B84828C835FB00293F01 /* SinkOrSwimUITests.swift in Sources */,
			);
			runOnlyForDeploymentPostprocessing = 0;
		};
/* End PBXSourcesBuildPhase section */

/* Begin PBXTargetDependency section */
		78B2B83B28C835FB00293F01 /* PBXTargetDependency */ = {
			isa = PBXTargetDependency;
			target = 78B2B82228C835FB00293F01 /* SinkOrSwim */;
			targetProxy = 78B2B83A28C835FB00293F01 /* PBXContainerItemProxy */;
		};
		78B2B84528C835FB00293F01 /* PBXTargetDependency */ = {
			isa = PBXTargetDependency;
			target = 78B2B82228C835FB00293F01 /* SinkOrSwim */;
			targetProxy = 78B2B84428C835FB00293F01 /* PBXContainerItemProxy */;
		};
/* End PBXTargetDependency section */

/* Begin PBXVariantGroup section */
		78B2B82C28C835FB00293F01 /* Main.storyboard */ = {
			isa = PBXVariantGroup;
			children = (
				78B2B82D28C835FB00293F01 /* Base */,
			);
			name = Main.storyboard;
			sourceTree = "<group>";
		};
		78B2B83128C835FB00293F01 /* LaunchScreen.storyboard */ = {
			isa = PBXVariantGroup;
			children = (
				78B2B83228C835FB00293F01 /* Base */,
			);
			name = LaunchScreen.storyboard;
			sourceTree = "<group>";
		};
/* End PBXVariantGroup section */

/* Begin XCBuildConfiguration section */
		78B2B84B28C835FB00293F01 /* Debug */ = {
			isa = XCBuildConfiguration;
			buildSettings = {
				ALWAYS_SEARCH_USER_PATHS = NO;
				CLANG_ANALYZER_NONNULL = YES;
				CLANG_ANALYZER_NUMBER_OBJECT_CONVERSION = YES_AGGRESSIVE;
				CLANG_CXX_LANGUAGE_STANDARD = "gnu++17";
				CLANG_ENABLE_MODULES = YES;
				CLANG_ENABLE_OBJC_ARC = YES;
				CLANG_ENABLE_OBJC_WEAK = YES;
				CLANG_WARN_BLOCK_CAPTURE_AUTORELEASING = YES;
				CLANG_WARN_BOOL_CONVERSION = YES;
				CLANG_WARN_COMMA = YES;
				CLANG_WARN_CONSTANT_CONVERSION = YES;
				CLANG_WARN_DEPRECATED_OBJC_IMPLEMENTATIONS = YES;
				CLANG_WARN_DIRECT_OBJC_ISA_USAGE = YES_ERROR;
				CLANG_WARN_DOCUMENTATION_COMMENTS = YES;
				CLANG_WARN_EMPTY_BODY = YES;
				CLANG_WARN_ENUM_CONVERSION = YES;
				CLANG_WARN_INFINITE_RECURSION = YES;
				CLANG_WARN_INT_CONVERSION = YES;
				CLANG_WARN_NON_LITERAL_NULL_CONVERSION = YES;
				CLANG_WARN_OBJC_IMPLICIT_RETAIN_SELF = YES;
				CLANG_WARN_OBJC_LITERAL_CONVERSION = YES;
				CLANG_WARN_OBJC_ROOT_CLASS = YES_ERROR;
				CLANG_WARN_QUOTED_INCLUDE_IN_FRAMEWORK_HEADER = YES;
				CLANG_WARN_RANGE_LOOP_ANALYSIS = YES;
				CLANG_WARN_STRICT_PROTOTYPES = YES;
				CLANG_WARN_SUSPICIOUS_MOVE = YES;
				CLANG_WARN_UNGUARDED_AVAILABILITY = YES_AGGRESSIVE;
				CLANG_WARN_UNREACHABLE_CODE = YES;
				CLANG_WARN__DUPLICATE_METHOD_MATCH = YES;
				COPY_PHASE_STRIP = NO;
				DEBUG_INFORMATION_FORMAT = dwarf;
				ENABLE_STRICT_OBJC_MSGSEND = YES;
				ENABLE_TESTABILITY = YES;
				GCC_C_LANGUAGE_STANDARD = gnu11;
				GCC_DYNAMIC_NO_PIC = NO;
				GCC_NO_COMMON_BLOCKS = YES;
				GCC_OPTIMIZATION_LEVEL = 0;
				GCC_PREPROCESSOR_DEFINITIONS = (
					"DEBUG=1",
					"$(inherited)",
				);
				GCC_WARN_64_TO_32_BIT_CONVERSION = YES;
				GCC_WARN_ABOUT_RETURN_TYPE = YES_ERROR;
				GCC_WARN_UNDECLARED_SELECTOR = YES;
				GCC_WARN_UNINITIALIZED_AUTOS = YES_AGGRESSIVE;
				GCC_WARN_UNUSED_FUNCTION = YES;
				GCC_WARN_UNUSED_VARIABLE = YES;
				IPHONEOS_DEPLOYMENT_TARGET = 15.5;
				MTL_ENABLE_DEBUG_INFO = INCLUDE_SOURCE;
				MTL_FAST_MATH = YES;
				ONLY_ACTIVE_ARCH = YES;
				SDKROOT = iphoneos;
				SWIFT_ACTIVE_COMPILATION_CONDITIONS = DEBUG;
				SWIFT_OPTIMIZATION_LEVEL = "-Onone";
			};
			name = Debug;
		};
		78B2B84C28C835FB00293F01 /* Release */ = {
			isa = XCBuildConfiguration;
			buildSettings = {
				ALWAYS_SEARCH_USER_PATHS = NO;
				CLANG_ANALYZER_NONNULL = YES;
				CLANG_ANALYZER_NUMBER_OBJECT_CONVERSION = YES_AGGRESSIVE;
				CLANG_CXX_LANGUAGE_STANDARD = "gnu++17";
				CLANG_ENABLE_MODULES = YES;
				CLANG_ENABLE_OBJC_ARC = YES;
				CLANG_ENABLE_OBJC_WEAK = YES;
				CLANG_WARN_BLOCK_CAPTURE_AUTORELEASING = YES;
				CLANG_WARN_BOOL_CONVERSION = YES;
				CLANG_WARN_COMMA = YES;
				CLANG_WARN_CONSTANT_CONVERSION = YES;
				CLANG_WARN_DEPRECATED_OBJC_IMPLEMENTATIONS = YES;
				CLANG_WARN_DIRECT_OBJC_ISA_USAGE = YES_ERROR;
				CLANG_WARN_DOCUMENTATION_COMMENTS = YES;
				CLANG_WARN_EMPTY_BODY = YES;
				CLANG_WARN_ENUM_CONVERSION = YES;
				CLANG_WARN_INFINITE_RECURSION = YES;
				CLANG_WARN_INT_CONVERSION = YES;
				CLANG_WARN_NON_LITERAL_NULL_CONVERSION = YES;
				CLANG_WARN_OBJC_IMPLICIT_RETAIN_SELF = YES;
				CLANG_WARN_OBJC_LITERAL_CONVERSION = YES;
				CLANG_WARN_OBJC_ROOT_CLASS = YES_ERROR;
				CLANG_WARN_QUOTED_INCLUDE_IN_FRAMEWORK_HEADER = YES;
				CLANG_WARN_RANGE_LOOP_ANALYSIS = YES;
				CLANG_WARN_STRICT_PROTOTYPES = YES;
				CLANG_WARN_SUSPICIOUS_MOVE = YES;
				CLANG_WARN_UNGUARDED_AVAILABILITY = YES_AGGRESSIVE;
				CLANG_WARN_UNREACHABLE_CODE = YES;
				CLANG_WARN__DUPLICATE_METHOD_MATCH = YES;
				COPY_PHASE_STRIP = NO;
				DEBUG_INFORMATION_FORMAT = "dwarf-with-dsym";
				ENABLE_NS_ASSERTIONS = NO;
				ENABLE_STRICT_OBJC_MSGSEND = YES;
				GCC_C_LANGUAGE_STANDARD = gnu11;
				GCC_NO_COMMON_BLOCKS = YES;
				GCC_WARN_64_TO_32_BIT_CONVERSION = YES;
				GCC_WARN_ABOUT_RETURN_TYPE = YES_ERROR;
				GCC_WARN_UNDECLARED_SELECTOR = YES;
				GCC_WARN_UNINITIALIZED_AUTOS = YES_AGGRESSIVE;
				GCC_WARN_UNUSED_FUNCTION = YES;
				GCC_WARN_UNUSED_VARIABLE = YES;
				IPHONEOS_DEPLOYMENT_TARGET = 15.5;
				MTL_ENABLE_DEBUG_INFO = NO;
				MTL_FAST_MATH = YES;
				SDKROOT = iphoneos;
				SWIFT_COMPILATION_MODE = wholemodule;
				SWIFT_OPTIMIZATION_LEVEL = "-O";
				VALIDATE_PRODUCT = YES;
			};
			name = Release;
		};
		78B2B84E28C835FB00293F01 /* Debug */ = {
			isa = XCBuildConfiguration;
			buildSettings = {
				ASSETCATALOG_COMPILER_APPICON_NAME = AppIcon;
				ASSETCATALOG_COMPILER_GLOBAL_ACCENT_COLOR_NAME = AccentColor;
				CLANG_ENABLE_MODULES = YES;
				CODE_SIGN_STYLE = Automatic;
				CURRENT_PROJECT_VERSION = 1;
				DEVELOPMENT_TEAM = 86MHT76G63;
				GENERATE_INFOPLIST_FILE = YES;
				INFOPLIST_FILE = SinkOrSwim/Info.plist;
				INFOPLIST_KEY_UIApplicationSupportsIndirectInputEvents = YES;
				INFOPLIST_KEY_UILaunchStoryboardName = LaunchScreen;
				INFOPLIST_KEY_UIMainStoryboardFile = Main;
				INFOPLIST_KEY_UISupportedInterfaceOrientations = "UIInterfaceOrientationPortrait UIInterfaceOrientationLandscapeLeft UIInterfaceOrientationLandscapeRight";
				INFOPLIST_KEY_UISupportedInterfaceOrientations_iPad = "UIInterfaceOrientationPortrait UIInterfaceOrientationPortraitUpsideDown UIInterfaceOrientationLandscapeLeft UIInterfaceOrientationLandscapeRight";
				INFOPLIST_KEY_UISupportedInterfaceOrientations_iPhone = "UIInterfaceOrientationPortrait UIInterfaceOrientationLandscapeLeft UIInterfaceOrientationLandscapeRight";
				LD_RUNPATH_SEARCH_PATHS = (
					"$(inherited)",
					"@executable_path/Frameworks",
				);
				MARKETING_VERSION = 1.0;
				PRODUCT_BUNDLE_IDENTIFIER = smu.proj.SinkOrSwim;
				PRODUCT_NAME = "$(TARGET_NAME)";
				SWIFT_EMIT_LOC_STRINGS = YES;
				SWIFT_OBJC_BRIDGING_HEADER = "SinkOrSwim/SinkOrSwim-Bridging-Header.h";
				SWIFT_OPTIMIZATION_LEVEL = "-Onone";
				SWIFT_VERSION = 5.0;
				TARGETED_DEVICE_FAMILY = "1,2";
			};
			name = Debug;
		};
		78B2B84F28C835FB00293F01 /* Release */ = {
			isa = XCBuildConfiguration;
			buildSettings = {
				ASSETCATALOG_COMPILER_APPICON_NAME = AppIcon;
				ASSETCATALOG_COMPILER_GLOBAL_ACCENT_COLOR_NAME = AccentColor;
				CLANG_ENABLE_MODULES = YES;
				CODE_SIGN_STYLE = Automatic;
				CURRENT_PROJECT_VERSION = 1;
				DEVELOPMENT_TEAM = 86MHT76G63;
				GENERATE_INFOPLIST_FILE = YES;
				INFOPLIST_FILE = SinkOrSwim/Info.plist;
				INFOPLIST_KEY_UIApplicationSupportsIndirectInputEvents = YES;
				INFOPLIST_KEY_UILaunchStoryboardName = LaunchScreen;
				INFOPLIST_KEY_UIMainStoryboardFile = Main;
				INFOPLIST_KEY_UISupportedInterfaceOrientations = "UIInterfaceOrientationPortrait UIInterfaceOrientationLandscapeLeft UIInterfaceOrientationLandscapeRight";
				INFOPLIST_KEY_UISupportedInterfaceOrientations_iPad = "UIInterfaceOrientationPortrait UIInterfaceOrientationPortraitUpsideDown UIInterfaceOrientationLandscapeLeft UIInterfaceOrientationLandscapeRight";
				INFOPLIST_KEY_UISupportedInterfaceOrientations_iPhone = "UIInterfaceOrientationPortrait UIInterfaceOrientationLandscapeLeft UIInterfaceOrientationLandscapeRight";
				LD_RUNPATH_SEARCH_PATHS = (
					"$(inherited)",
					"@executable_path/Frameworks",
				);
				MARKETING_VERSION = 1.0;
				PRODUCT_BUNDLE_IDENTIFIER = smu.proj.SinkOrSwim;
				PRODUCT_NAME = "$(TARGET_NAME)";
				SWIFT_EMIT_LOC_STRINGS = YES;
				SWIFT_OBJC_BRIDGING_HEADER = "SinkOrSwim/SinkOrSwim-Bridging-Header.h";
				SWIFT_VERSION = 5.0;
				TARGETED_DEVICE_FAMILY = "1,2";
			};
			name = Release;
		};
		78B2B85128C835FB00293F01 /* Debug */ = {
			isa = XCBuildConfiguration;
			buildSettings = {
				ALWAYS_EMBED_SWIFT_STANDARD_LIBRARIES = YES;
				BUNDLE_LOADER = "$(TEST_HOST)";
				CODE_SIGN_STYLE = Automatic;
				CURRENT_PROJECT_VERSION = 1;
				GENERATE_INFOPLIST_FILE = YES;
				IPHONEOS_DEPLOYMENT_TARGET = 15.5;
				MARKETING_VERSION = 1.0;
				PRODUCT_BUNDLE_IDENTIFIER = smu.SinkOrSwimTests;
				PRODUCT_NAME = "$(TARGET_NAME)";
				SWIFT_EMIT_LOC_STRINGS = NO;
				SWIFT_VERSION = 5.0;
				TARGETED_DEVICE_FAMILY = "1,2";
				TEST_HOST = "$(BUILT_PRODUCTS_DIR)/SinkOrSwim.app/SinkOrSwim";
			};
			name = Debug;
		};
		78B2B85228C835FB00293F01 /* Release */ = {
			isa = XCBuildConfiguration;
			buildSettings = {
				ALWAYS_EMBED_SWIFT_STANDARD_LIBRARIES = YES;
				BUNDLE_LOADER = "$(TEST_HOST)";
				CODE_SIGN_STYLE = Automatic;
				CURRENT_PROJECT_VERSION = 1;
				GENERATE_INFOPLIST_FILE = YES;
				IPHONEOS_DEPLOYMENT_TARGET = 15.5;
				MARKETING_VERSION = 1.0;
				PRODUCT_BUNDLE_IDENTIFIER = smu.SinkOrSwimTests;
				PRODUCT_NAME = "$(TARGET_NAME)";
				SWIFT_EMIT_LOC_STRINGS = NO;
				SWIFT_VERSION = 5.0;
				TARGETED_DEVICE_FAMILY = "1,2";
				TEST_HOST = "$(BUILT_PRODUCTS_DIR)/SinkOrSwim.app/SinkOrSwim";
			};
			name = Release;
		};
		78B2B85428C835FB00293F01 /* Debug */ = {
			isa = XCBuildConfiguration;
			buildSettings = {
				ALWAYS_EMBED_SWIFT_STANDARD_LIBRARIES = YES;
				CODE_SIGN_STYLE = Automatic;
				CURRENT_PROJECT_VERSION = 1;
				GENERATE_INFOPLIST_FILE = YES;
				MARKETING_VERSION = 1.0;
				PRODUCT_BUNDLE_IDENTIFIER = smu.SinkOrSwimUITests;
				PRODUCT_NAME = "$(TARGET_NAME)";
				SWIFT_EMIT_LOC_STRINGS = NO;
				SWIFT_VERSION = 5.0;
				TARGETED_DEVICE_FAMILY = "1,2";
				TEST_TARGET_NAME = SinkOrSwim;
			};
			name = Debug;
		};
		78B2B85528C835FB00293F01 /* Release */ = {
			isa = XCBuildConfiguration;
			buildSettings = {
				ALWAYS_EMBED_SWIFT_STANDARD_LIBRARIES = YES;
				CODE_SIGN_STYLE = Automatic;
				CURRENT_PROJECT_VERSION = 1;
				GENERATE_INFOPLIST_FILE = YES;
				MARKETING_VERSION = 1.0;
				PRODUCT_BUNDLE_IDENTIFIER = smu.SinkOrSwimUITests;
				PRODUCT_NAME = "$(TARGET_NAME)";
				SWIFT_EMIT_LOC_STRINGS = NO;
				SWIFT_VERSION = 5.0;
				TARGETED_DEVICE_FAMILY = "1,2";
				TEST_TARGET_NAME = SinkOrSwim;
			};
			name = Release;
		};
/* End XCBuildConfiguration section */

/* Begin XCConfigurationList section */
		78B2B81E28C835FB00293F01 /* Build configuration list for PBXProject "SinkOrSwim" */ = {
			isa = XCConfigurationList;
			buildConfigurations = (
				78B2B84B28C835FB00293F01 /* Debug */,
				78B2B84C28C835FB00293F01 /* Release */,
			);
			defaultConfigurationIsVisible = 0;
			defaultConfigurationName = Release;
		};
		78B2B84D28C835FB00293F01 /* Build configuration list for PBXNativeTarget "SinkOrSwim" */ = {
			isa = XCConfigurationList;
			buildConfigurations = (
				78B2B84E28C835FB00293F01 /* Debug */,
				78B2B84F28C835FB00293F01 /* Release */,
			);
			defaultConfigurationIsVisible = 0;
			defaultConfigurationName = Release;
		};
		78B2B85028C835FB00293F01 /* Build configuration list for PBXNativeTarget "SinkOrSwimTests" */ = {
			isa = XCConfigurationList;
			buildConfigurations = (
				78B2B85128C835FB00293F01 /* Debug */,
				78B2B85228C835FB00293F01 /* Release */,
			);
			defaultConfigurationIsVisible = 0;
			defaultConfigurationName = Release;
		};
		78B2B85328C835FB00293F01 /* Build configuration list for PBXNativeTarget "SinkOrSwimUITests" */ = {
			isa = XCConfigurationList;
			buildConfigurations = (
				78B2B85428C835FB00293F01 /* Debug */,
				78B2B85528C835FB00293F01 /* Release */,
			);
			defaultConfigurationIsVisible = 0;
			defaultConfigurationName = Release;
		};
/* End XCConfigurationList section */
	};
	rootObject = 78B2B81B28C835FB00293F01 /* Project object */;
}
